
Microsoft Visual Studio Solution File, Format Version 10.00
# Visual Studio 2008
Project("{FAE04EC0-301F-11D3-BF4B-00C04F79EFBC}") = "WoWPacketViewer", "WoWPacketViewer\WoWPacketViewer.csproj", "{9E80DAFC-44D7-4C9E-8AE9-515A78B13232}"
	ProjectSection(ProjectDependencies) = postProject
		{0E7413FF-EB9E-4714-ACF2-BE3A6A7B2FFD} = {0E7413FF-EB9E-4714-ACF2-BE3A6A7B2FFD}
	EndProjectSection
EndProject
Project("{FAE04EC0-301F-11D3-BF4B-00C04F79EFBC}") = "ICSharpCode.SharpZLib", "libs\ICSharpCode.SharpZLib\ICSharpCode.SharpZLib.csproj", "{0E7413FF-EB9E-4714-ACF2-BE3A6A7B2FFD}"
EndProject
Global
	GlobalSection(SolutionConfigurationPlatforms) = preSolution
		Debug|.NET 2.0 = Debug|.NET 2.0
		Debug|Any CPU = Debug|Any CPU
		Debug|x86 = Debug|x86
		Release|.NET 2.0 = Release|.NET 2.0
		Release|Any CPU = Release|Any CPU
		Release|x86 = Release|x86
	EndGlobalSection
	GlobalSection(ProjectConfigurationPlatforms) = postSolution
		{9E80DAFC-44D7-4C9E-8AE9-515A78B13232}.Debug|.NET 2.0.ActiveCfg = Debug|Any CPU
		{9E80DAFC-44D7-4C9E-8AE9-515A78B13232}.Debug|Any CPU.ActiveCfg = Debug|Any CPU
		{9E80DAFC-44D7-4C9E-8AE9-515A78B13232}.Debug|Any CPU.Build.0 = Debug|Any CPU
		{9E80DAFC-44D7-4C9E-8AE9-515A78B13232}.Debug|x86.ActiveCfg = Debug|Any CPU
		{9E80DAFC-44D7-4C9E-8AE9-515A78B13232}.Release|.NET 2.0.ActiveCfg = Release|Any CPU
		{9E80DAFC-44D7-4C9E-8AE9-515A78B13232}.Release|Any CPU.ActiveCfg = Release|Any CPU
		{9E80DAFC-44D7-4C9E-8AE9-515A78B13232}.Release|Any CPU.Build.0 = Release|Any CPU
		{9E80DAFC-44D7-4C9E-8AE9-515A78B13232}.Release|x86.ActiveCfg = Release|Any CPU
		{0E7413FF-EB9E-4714-ACF2-BE3A6A7B2FFD}.Debug|.NET 2.0.ActiveCfg = Debug|Any CPU
		{0E7413FF-EB9E-4714-ACF2-BE3A6A7B2FFD}.Debug|Any CPU.ActiveCfg = Debug|Any CPU
		{0E7413FF-EB9E-4714-ACF2-BE3A6A7B2FFD}.Debug|Any CPU.Build.0 = Debug|Any CPU
		{0E7413FF-EB9E-4714-ACF2-BE3A6A7B2FFD}.Debug|x86.ActiveCfg = Debug|Any CPU
		{0E7413FF-EB9E-4714-ACF2-BE3A6A7B2FFD}.Release|.NET 2.0.ActiveCfg = Release|Any CPU
		{0E7413FF-EB9E-4714-ACF2-BE3A6A7B2FFD}.Release|Any CPU.ActiveCfg = Release|Any CPU
		{0E7413FF-EB9E-4714-ACF2-BE3A6A7B2FFD}.Release|Any CPU.Build.0 = Release|Any CPU
		{0E7413FF-EB9E-4714-ACF2-BE3A6A7B2FFD}.Release|x86.ActiveCfg = Release|Any CPU
	EndGlobalSection
	GlobalSection(SolutionProperties) = preSolution
		HideSolutionNode = FALSE
	EndGlobalSection
EndGlobal
