
Microsoft Visual Studio Solution File, Format Version 9.00
# Visual Studio 2005
Project("{FAE04EC0-301F-11D3-BF4B-00C04F79EFBC}") = "log2bin", "log2bin\log2bin.csproj", "{CCAAB3E9-7968-4549-A816-868CE83C9E4A}"
EndProject
Global
	GlobalSection(SolutionConfigurationPlatforms) = preSolution
		Debug|Any CPU = Debug|Any CPU
		Release|Any CPU = Release|Any CPU
	EndGlobalSection
	GlobalSection(ProjectConfigurationPlatforms) = postSolution
		{CCAAB3E9-7968-4549-A816-868CE83C9E4A}.Debug|Any CPU.ActiveCfg = Debug|Any CPU
		{CCAAB3E9-7968-4549-A816-868CE83C9E4A}.Debug|Any CPU.Build.0 = Debug|Any CPU
		{CCAAB3E9-7968-4549-A816-868CE83C9E4A}.Release|Any CPU.ActiveCfg = Release|Any CPU
		{CCAAB3E9-7968-4549-A816-868CE83C9E4A}.Release|Any CPU.Build.0 = Release|Any CPU
	EndGlobalSection
	GlobalSection(SolutionProperties) = preSolution
		HideSolutionNode = FALSE
	EndGlobalSection
EndGlobal
